
Microsoft Visual Studio Solution File, Format Version 12.00
# Visual Studio Version 17
VisualStudioVersion = 17.0.32112.339
MinimumVisualStudioVersion = 10.0.40219.1
Project("{8BC9CEB8-8B4A-11D0-8D11-00A0C91BC942}") = "23-03-14-Task3", "23-03-14-Task3\23-03-14-Task3.vcxproj", "{39E36D12-5658-497A-AA87-C7A26D6E28A8}"
EndProject
Global
	GlobalSection(SolutionConfigurationPlatforms) = preSolution
		Debug|x64 = Debug|x64
		Debug|x86 = Debug|x86
		Release|x64 = Release|x64
		Release|x86 = Release|x86
	EndGlobalSection
	GlobalSection(ProjectConfigurationPlatforms) = postSolution
		{39E36D12-5658-497A-AA87-C7A26D6E28A8}.Debug|x64.ActiveCfg = Debug|x64
		{39E36D12-5658-497A-AA87-C7A26D6E28A8}.Debug|x64.Build.0 = Debug|x64
		{39E36D12-5658-497A-AA87-C7A26D6E28A8}.Debug|x86.ActiveCfg = Debug|Win32
		{39E36D12-5658-497A-AA87-C7A26D6E28A8}.Debug|x86.Build.0 = Debug|Win32
		{39E36D12-5658-497A-AA87-C7A26D6E28A8}.Release|x64.ActiveCfg = Release|x64
		{39E36D12-5658-497A-AA87-C7A26D6E28A8}.Release|x64.Build.0 = Release|x64
		{39E36D12-5658-497A-AA87-C7A26D6E28A8}.Release|x86.ActiveCfg = Release|Win32
		{39E36D12-5658-497A-AA87-C7A26D6E28A8}.Release|x86.Build.0 = Release|Win32
	EndGlobalSection
	GlobalSection(SolutionProperties) = preSolution
		HideSolutionNode = FALSE
	EndGlobalSection
	GlobalSection(ExtensibilityGlobals) = postSolution
		SolutionGuid = {356E97D8-B916-4C44-8F57-05DDFE73A346}
	EndGlobalSection
EndGlobal
